
Microsoft Visual Studio Solution File, Format Version 12.00
# Visual Studio Version 16
VisualStudioVersion = 16.0.31025.194
MinimumVisualStudioVersion = 10.0.40219.1
Project("{FAE04EC0-301F-11D3-BF4B-00C04F79EFBC}") = "EllerAlg", "EllerAlg\EllerAlg.csproj", "{937A13BC-3ED7-41BF-8FFE-E88F3514AC8C}"
EndProject
Project("{FAE04EC0-301F-11D3-BF4B-00C04F79EFBC}") = "TestApp", "TestApp\TestApp.csproj", "{2D1609D2-7627-4E1F-8E3F-13B107639635}"
EndProject
Global
	GlobalSection(SolutionConfigurationPlatforms) = preSolution
		Debug|Any CPU = Debug|Any CPU
		Release|Any CPU = Release|Any CPU
	EndGlobalSection
	GlobalSection(ProjectConfigurationPlatforms) = postSolution
		{937A13BC-3ED7-41BF-8FFE-E88F3514AC8C}.Debug|Any CPU.ActiveCfg = Debug|Any CPU
		{937A13BC-3ED7-41BF-8FFE-E88F3514AC8C}.Debug|Any CPU.Build.0 = Debug|Any CPU
		{937A13BC-3ED7-41BF-8FFE-E88F3514AC8C}.Release|Any CPU.ActiveCfg = Release|Any CPU
		{937A13BC-3ED7-41BF-8FFE-E88F3514AC8C}.Release|Any CPU.Build.0 = Release|Any CPU
		{2D1609D2-7627-4E1F-8E3F-13B107639635}.Debug|Any CPU.ActiveCfg = Debug|Any CPU
		{2D1609D2-7627-4E1F-8E3F-13B107639635}.Debug|Any CPU.Build.0 = Debug|Any CPU
		{2D1609D2-7627-4E1F-8E3F-13B107639635}.Release|Any CPU.ActiveCfg = Release|Any CPU
		{2D1609D2-7627-4E1F-8E3F-13B107639635}.Release|Any CPU.Build.0 = Release|Any CPU
	EndGlobalSection
	GlobalSection(SolutionProperties) = preSolution
		HideSolutionNode = FALSE
	EndGlobalSection
	GlobalSection(ExtensibilityGlobals) = postSolution
		SolutionGuid = {2CF6F3C2-B018-44A3-9A46-ED88F1690880}
	EndGlobalSection
EndGlobal
